// !$*UTF8*$!
{
	archiveVersion = 1;
	classes = {
	};
	objectVersion = 55;
	objects = {

/* Begin PBXBuildFile section */
		1D0416972833A04100857297 /* ButtonLoginDelegate.swift in Sources */ = {isa = PBXBuildFile; fileRef = 1D0416962833A04100857297 /* ButtonLoginDelegate.swift */; };
		1D0416992833A0DA00857297 /* TapPostImageDelegate.swift in Sources */ = {isa = PBXBuildFile; fileRef = 1D0416982833A0DA00857297 /* TapPostImageDelegate.swift */; };
		1D04169B2833A0E700857297 /* TapAllPhotoCellDelegate.swift in Sources */ = {isa = PBXBuildFile; fileRef = 1D04169A2833A0E700857297 /* TapAllPhotoCellDelegate.swift */; };
		1D04169D2833A7AB00857297 /* PostFullScreenViewController.swift in Sources */ = {isa = PBXBuildFile; fileRef = 1D04169C2833A7AB00857297 /* PostFullScreenViewController.swift */; };
		1D32F32F282CDE72003B8E9D /* LogInView.swift in Sources */ = {isa = PBXBuildFile; fileRef = 1D32F32E282CDE71003B8E9D /* LogInView.swift */; };
		1D32F333282CE1A1003B8E9D /* UIColorExtention.swift in Sources */ = {isa = PBXBuildFile; fileRef = 1D32F332282CE1A1003B8E9D /* UIColorExtention.swift */; };
		1D32F335282CE1C1003B8E9D /* UITextFieldExtention.swift in Sources */ = {isa = PBXBuildFile; fileRef = 1D32F334282CE1C1003B8E9D /* UITextFieldExtention.swift */; };
		1D7AF3622810076000C9AC9F /* AppDelegate.swift in Sources */ = {isa = PBXBuildFile; fileRef = 1D7AF3612810076000C9AC9F /* AppDelegate.swift */; };
		1D7AF3642810076000C9AC9F /* SceneDelegate.swift in Sources */ = {isa = PBXBuildFile; fileRef = 1D7AF3632810076000C9AC9F /* SceneDelegate.swift */; };
		1D7AF3662810076000C9AC9F /* ViewController.swift in Sources */ = {isa = PBXBuildFile; fileRef = 1D7AF3652810076000C9AC9F /* ViewController.swift */; };
		1D7AF36B2810076100C9AC9F /* Assets.xcassets in Resources */ = {isa = PBXBuildFile; fileRef = 1D7AF36A2810076100C9AC9F /* Assets.xcassets */; };
		1D7AF36E2810076100C9AC9F /* LaunchScreen.storyboard in Resources */ = {isa = PBXBuildFile; fileRef = 1D7AF36C2810076100C9AC9F /* LaunchScreen.storyboard */; };
		1DAE377D2828C4910078D3FA /* LogInViewController.swift in Sources */ = {isa = PBXBuildFile; fileRef = 1DAE377C2828C4910078D3FA /* LogInViewController.swift */; };
		1DAE37802828C79D0078D3FA /* PostModel.swift in Sources */ = {isa = PBXBuildFile; fileRef = 1DAE377F2828C79D0078D3FA /* PostModel.swift */; };
		1DAE37842828C8B50078D3FA /* PostTableViewCell.swift in Sources */ = {isa = PBXBuildFile; fileRef = 1DAE37832828C8B50078D3FA /* PostTableViewCell.swift */; };
		1DAE37882828C93B0078D3FA /* UIViewExtention.swift in Sources */ = {isa = PBXBuildFile; fileRef = 1DAE37872828C93B0078D3FA /* UIViewExtention.swift */; };
		1DAE378A2828C9740078D3FA /* Post.swift in Sources */ = {isa = PBXBuildFile; fileRef = 1DAE37892828C9740078D3FA /* Post.swift */; };
		1DAE378C2828DC600078D3FA /* PhotosTableViewCell.swift in Sources */ = {isa = PBXBuildFile; fileRef = 1DAE378B2828DC600078D3FA /* PhotosTableViewCell.swift */; };
		1DF88835281007E4008929EF /* FeedViewController.swift in Sources */ = {isa = PBXBuildFile; fileRef = 1DF88834281007E4008929EF /* FeedViewController.swift */; };
		1DF88837281007F6008929EF /* InfoViewController.swift in Sources */ = {isa = PBXBuildFile; fileRef = 1DF88836281007F6008929EF /* InfoViewController.swift */; };
		1DF8883B2810081C008929EF /* PostViewController.swift in Sources */ = {isa = PBXBuildFile; fileRef = 1DF8883A2810081C008929EF /* PostViewController.swift */; };
		1DF8883D28100830008929EF /* ProfileViewController.swift in Sources */ = {isa = PBXBuildFile; fileRef = 1DF8883C28100830008929EF /* ProfileViewController.swift */; };
		1DF88840281008BD008929EF /* ProfileHeaderView.swift in Sources */ = {isa = PBXBuildFile; fileRef = 1DF8883F281008BD008929EF /* ProfileHeaderView.swift */; };
		1DFE82DF282A508300338BD9 /* PhotosModel.swift in Sources */ = {isa = PBXBuildFile; fileRef = 1DFE82DE282A508300338BD9 /* PhotosModel.swift */; };
		1DFE82E4282A566400338BD9 /* ButtonCellDelegate.swift in Sources */ = {isa = PBXBuildFile; fileRef = 1DFE82E3282A566400338BD9 /* ButtonCellDelegate.swift */; };
		1DFE82E7282A56FB00338BD9 /* AllPhotoCollectionViewCell.swift in Sources */ = {isa = PBXBuildFile; fileRef = 1DFE82E6282A56FB00338BD9 /* AllPhotoCollectionViewCell.swift */; };
		1DFE82E9282A572A00338BD9 /* PhotosCollectionViewCell.swift in Sources */ = {isa = PBXBuildFile; fileRef = 1DFE82E8282A572A00338BD9 /* PhotosCollectionViewCell.swift */; };
		1DFE82EB282A57F900338BD9 /* AllPhotoViewController.swift in Sources */ = {isa = PBXBuildFile; fileRef = 1DFE82EA282A57F900338BD9 /* AllPhotoViewController.swift */; };
		1DFE82EE282A591F00338BD9 /* Colors.swift in Sources */ = {isa = PBXBuildFile; fileRef = 1DFE82ED282A591F00338BD9 /* Colors.swift */; };
/* End PBXBuildFile section */

/* Begin PBXFileReference section */
		1D0416962833A04100857297 /* ButtonLoginDelegate.swift */ = {isa = PBXFileReference; lastKnownFileType = sourcecode.swift; name = ButtonLoginDelegate.swift; path = ../../../../../../../../Downloads/ButtonLoginDelegate.swift; sourceTree = "<group>"; };
		1D0416982833A0DA00857297 /* TapPostImageDelegate.swift */ = {isa = PBXFileReference; lastKnownFileType = sourcecode.swift; path = TapPostImageDelegate.swift; sourceTree = "<group>"; };
		1D04169A2833A0E700857297 /* TapAllPhotoCellDelegate.swift */ = {isa = PBXFileReference; lastKnownFileType = sourcecode.swift; path = TapAllPhotoCellDelegate.swift; sourceTree = "<group>"; };
		1D04169C2833A7AB00857297 /* PostFullScreenViewController.swift */ = {isa = PBXFileReference; lastKnownFileType = sourcecode.swift; path = PostFullScreenViewController.swift; sourceTree = "<group>"; };
		1D32F32E282CDE71003B8E9D /* LogInView.swift */ = {isa = PBXFileReference; lastKnownFileType = sourcecode.swift; path = LogInView.swift; sourceTree = "<group>"; };
		1D32F332282CE1A1003B8E9D /* UIColorExtention.swift */ = {isa = PBXFileReference; lastKnownFileType = sourcecode.swift; path = UIColorExtention.swift; sourceTree = "<group>"; };
		1D32F334282CE1C1003B8E9D /* UITextFieldExtention.swift */ = {isa = PBXFileReference; lastKnownFileType = sourcecode.swift; path = UITextFieldExtention.swift; sourceTree = "<group>"; };
		1D7AF35E2810076000C9AC9F /* Navigation.app */ = {isa = PBXFileReference; explicitFileType = wrapper.application; includeInIndex = 0; path = Navigation.app; sourceTree = BUILT_PRODUCTS_DIR; };
		1D7AF3612810076000C9AC9F /* AppDelegate.swift */ = {isa = PBXFileReference; lastKnownFileType = sourcecode.swift; path = AppDelegate.swift; sourceTree = "<group>"; };
		1D7AF3632810076000C9AC9F /* SceneDelegate.swift */ = {isa = PBXFileReference; lastKnownFileType = sourcecode.swift; path = SceneDelegate.swift; sourceTree = "<group>"; };
		1D7AF3652810076000C9AC9F /* ViewController.swift */ = {isa = PBXFileReference; lastKnownFileType = sourcecode.swift; path = ViewController.swift; sourceTree = "<group>"; };
		1D7AF36A2810076100C9AC9F /* Assets.xcassets */ = {isa = PBXFileReference; lastKnownFileType = folder.assetcatalog; path = Assets.xcassets; sourceTree = "<group>"; };
		1D7AF36D2810076100C9AC9F /* Base */ = {isa = PBXFileReference; lastKnownFileType = file.storyboard; name = Base; path = Base.lproj/LaunchScreen.storyboard; sourceTree = "<group>"; };
		1D7AF36F2810076100C9AC9F /* Info.plist */ = {isa = PBXFileReference; lastKnownFileType = text.plist.xml; path = Info.plist; sourceTree = "<group>"; };
		1DAE377C2828C4910078D3FA /* LogInViewController.swift */ = {isa = PBXFileReference; lastKnownFileType = sourcecode.swift; path = LogInViewController.swift; sourceTree = "<group>"; };
		1DAE377F2828C79D0078D3FA /* PostModel.swift */ = {isa = PBXFileReference; lastKnownFileType = sourcecode.swift; path = PostModel.swift; sourceTree = "<group>"; };
		1DAE37832828C8B50078D3FA /* PostTableViewCell.swift */ = {isa = PBXFileReference; lastKnownFileType = sourcecode.swift; path = PostTableViewCell.swift; sourceTree = "<group>"; };
		1DAE37872828C93B0078D3FA /* UIViewExtention.swift */ = {isa = PBXFileReference; lastKnownFileType = sourcecode.swift; path = UIViewExtention.swift; sourceTree = "<group>"; };
		1DAE37892828C9740078D3FA /* Post.swift */ = {isa = PBXFileReference; lastKnownFileType = sourcecode.swift; path = Post.swift; sourceTree = "<group>"; };
		1DAE378B2828DC600078D3FA /* PhotosTableViewCell.swift */ = {isa = PBXFileReference; lastKnownFileType = sourcecode.swift; path = PhotosTableViewCell.swift; sourceTree = "<group>"; };
		1DF88834281007E4008929EF /* FeedViewController.swift */ = {isa = PBXFileReference; lastKnownFileType = sourcecode.swift; path = FeedViewController.swift; sourceTree = "<group>"; };
		1DF88836281007F6008929EF /* InfoViewController.swift */ = {isa = PBXFileReference; lastKnownFileType = sourcecode.swift; path = InfoViewController.swift; sourceTree = "<group>"; };
		1DF8883A2810081C008929EF /* PostViewController.swift */ = {isa = PBXFileReference; lastKnownFileType = sourcecode.swift; path = PostViewController.swift; sourceTree = "<group>"; };
		1DF8883C28100830008929EF /* ProfileViewController.swift */ = {isa = PBXFileReference; lastKnownFileType = sourcecode.swift; path = ProfileViewController.swift; sourceTree = "<group>"; };
		1DF8883F281008BD008929EF /* ProfileHeaderView.swift */ = {isa = PBXFileReference; lastKnownFileType = sourcecode.swift; path = ProfileHeaderView.swift; sourceTree = "<group>"; };
		1DFE82DE282A508300338BD9 /* PhotosModel.swift */ = {isa = PBXFileReference; lastKnownFileType = sourcecode.swift; path = PhotosModel.swift; sourceTree = "<group>"; };
		1DFE82E3282A566400338BD9 /* ButtonCellDelegate.swift */ = {isa = PBXFileReference; lastKnownFileType = sourcecode.swift; path = ButtonCellDelegate.swift; sourceTree = "<group>"; };
		1DFE82E6282A56FB00338BD9 /* AllPhotoCollectionViewCell.swift */ = {isa = PBXFileReference; lastKnownFileType = sourcecode.swift; path = AllPhotoCollectionViewCell.swift; sourceTree = "<group>"; };
		1DFE82E8282A572A00338BD9 /* PhotosCollectionViewCell.swift */ = {isa = PBXFileReference; lastKnownFileType = sourcecode.swift; path = PhotosCollectionViewCell.swift; sourceTree = "<group>"; };
		1DFE82EA282A57F900338BD9 /* AllPhotoViewController.swift */ = {isa = PBXFileReference; lastKnownFileType = sourcecode.swift; path = AllPhotoViewController.swift; sourceTree = "<group>"; };
		1DFE82ED282A591F00338BD9 /* Colors.swift */ = {isa = PBXFileReference; lastKnownFileType = sourcecode.swift; path = Colors.swift; sourceTree = "<group>"; };
/* End PBXFileReference section */

/* Begin PBXFrameworksBuildPhase section */
		1D7AF35B2810076000C9AC9F /* Frameworks */ = {
			isa = PBXFrameworksBuildPhase;
			buildActionMask = 2147483647;
			files = (
			);
			runOnlyForDeploymentPostprocessing = 0;
		};
/* End PBXFrameworksBuildPhase section */

/* Begin PBXGroup section */
		1D04169E2833AFF300857297 /* LogIn */ = {
			isa = PBXGroup;
			children = (
				1D32F32E282CDE71003B8E9D /* LogInView.swift */,
				1DAE377C2828C4910078D3FA /* LogInViewController.swift */,
			);
			path = LogIn;
			sourceTree = "<group>";
		};
		1D7AF3552810076000C9AC9F = {
			isa = PBXGroup;
			children = (
				1D7AF3602810076000C9AC9F /* Navigation */,
				1D7AF35F2810076000C9AC9F /* Products */,
			);
			sourceTree = "<group>";
		};
		1D7AF35F2810076000C9AC9F /* Products */ = {
			isa = PBXGroup;
			children = (
				1D7AF35E2810076000C9AC9F /* Navigation.app */,
			);
			name = Products;
			sourceTree = "<group>";
		};
		1D7AF3602810076000C9AC9F /* Navigation */ = {
			isa = PBXGroup;
			children = (
				1D7AF3612810076000C9AC9F /* AppDelegate.swift */,
				1D7AF3632810076000C9AC9F /* SceneDelegate.swift */,
				1D7AF3652810076000C9AC9F /* ViewController.swift */,
				1DF88834281007E4008929EF /* FeedViewController.swift */,
				1DF88836281007F6008929EF /* InfoViewController.swift */,
				1DFE82ED282A591F00338BD9 /* Colors.swift */,
				1DFE82E2282A563B00338BD9 /* Protocols */,
				1DAE37862828C9140078D3FA /* Extentions */,
				1DAE377E2828C76E0078D3FA /* Post */,
				1DF8883E28100895008929EF /* Profile */,
				1D7AF36A2810076100C9AC9F /* Assets.xcassets */,
				1D7AF36C2810076100C9AC9F /* LaunchScreen.storyboard */,
				1D7AF36F2810076100C9AC9F /* Info.plist */,
			);
			path = Navigation;
			sourceTree = "<group>";
		};
		1DAE377E2828C76E0078D3FA /* Post */ = {
			isa = PBXGroup;
			children = (
				1DAE37892828C9740078D3FA /* Post.swift */,
				1DAE377F2828C79D0078D3FA /* PostModel.swift */,
				1DF8883A2810081C008929EF /* PostViewController.swift */,
				1DAE37832828C8B50078D3FA /* PostTableViewCell.swift */,
				1D04169C2833A7AB00857297 /* PostFullScreenViewController.swift */,
			);
			path = Post;
			sourceTree = "<group>";
		};
		1DAE37862828C9140078D3FA /* Extentions */ = {
			isa = PBXGroup;
			children = (
				1DAE37872828C93B0078D3FA /* UIViewExtention.swift */,
				1D32F332282CE1A1003B8E9D /* UIColorExtention.swift */,
				1D32F334282CE1C1003B8E9D /* UITextFieldExtention.swift */,
			);
			path = Extentions;
			sourceTree = "<group>";
		};
		1DF8883E28100895008929EF /* Profile */ = {
			isa = PBXGroup;
			children = (
				1DF8883C28100830008929EF /* ProfileViewController.swift */,
				1DF8883F281008BD008929EF /* ProfileHeaderView.swift */,
				1D04169E2833AFF300857297 /* LogIn */,
				1DFE82E5282A569500338BD9 /* AllPhotos */,
				1DFE82DD282A506600338BD9 /* Photos */,
			);
			path = Profile;
			sourceTree = "<group>";
		};
		1DFE82DD282A506600338BD9 /* Photos */ = {
			isa = PBXGroup;
			children = (
				1DFE82DE282A508300338BD9 /* PhotosModel.swift */,
				1DAE378B2828DC600078D3FA /* PhotosTableViewCell.swift */,
				1DFE82E8282A572A00338BD9 /* PhotosCollectionViewCell.swift */,
			);
			path = Photos;
			sourceTree = "<group>";
		};
		1DFE82E2282A563B00338BD9 /* Protocols */ = {
			isa = PBXGroup;
			children = (
				1DFE82E3282A566400338BD9 /* ButtonCellDelegate.swift */,
				1D0416962833A04100857297 /* ButtonLoginDelegate.swift */,
				1D0416982833A0DA00857297 /* TapPostImageDelegate.swift */,
				1D04169A2833A0E700857297 /* TapAllPhotoCellDelegate.swift */,
			);
			path = Protocols;
			sourceTree = "<group>";
		};
		1DFE82E5282A569500338BD9 /* AllPhotos */ = {
			isa = PBXGroup;
			children = (
				1DFE82E6282A56FB00338BD9 /* AllPhotoCollectionViewCell.swift */,
				1DFE82EA282A57F900338BD9 /* AllPhotoViewController.swift */,
			);
			path = AllPhotos;
			sourceTree = "<group>";
		};
/* End PBXGroup section */

/* Begin PBXNativeTarget section */
		1D7AF35D2810076000C9AC9F /* Navigation */ = {
			isa = PBXNativeTarget;
			buildConfigurationList = 1D7AF3722810076100C9AC9F /* Build configuration list for PBXNativeTarget "Navigation" */;
			buildPhases = (
				1D7AF35A2810076000C9AC9F /* Sources */,
				1D7AF35B2810076000C9AC9F /* Frameworks */,
				1D7AF35C2810076000C9AC9F /* Resources */,
			);
			buildRules = (
			);
			dependencies = (
			);
			name = Navigation;
			productName = Navigation;
			productReference = 1D7AF35E2810076000C9AC9F /* Navigation.app */;
			productType = "com.apple.product-type.application";
		};
/* End PBXNativeTarget section */

/* Begin PBXProject section */
		1D7AF3562810076000C9AC9F /* Project object */ = {
			isa = PBXProject;
			attributes = {
				BuildIndependentTargetsInParallel = 1;
				LastSwiftUpdateCheck = 1330;
				LastUpgradeCheck = 1330;
				TargetAttributes = {
					1D7AF35D2810076000C9AC9F = {
						CreatedOnToolsVersion = 13.3.1;
					};
				};
			};
			buildConfigurationList = 1D7AF3592810076000C9AC9F /* Build configuration list for PBXProject "Navigation" */;
			compatibilityVersion = "Xcode 13.0";
			developmentRegion = en;
			hasScannedForEncodings = 0;
			knownRegions = (
				en,
				Base,
			);
			mainGroup = 1D7AF3552810076000C9AC9F;
			productRefGroup = 1D7AF35F2810076000C9AC9F /* Products */;
			projectDirPath = "";
			projectRoot = "";
			targets = (
				1D7AF35D2810076000C9AC9F /* Navigation */,
			);
		};
/* End PBXProject section */

/* Begin PBXResourcesBuildPhase section */
		1D7AF35C2810076000C9AC9F /* Resources */ = {
			isa = PBXResourcesBuildPhase;
			buildActionMask = 2147483647;
			files = (
				1D7AF36E2810076100C9AC9F /* LaunchScreen.storyboard in Resources */,
				1D7AF36B2810076100C9AC9F /* Assets.xcassets in Resources */,
			);
			runOnlyForDeploymentPostprocessing = 0;
		};
/* End PBXResourcesBuildPhase section */

/* Begin PBXSourcesBuildPhase section */
		1D7AF35A2810076000C9AC9F /* Sources */ = {
			isa = PBXSourcesBuildPhase;
			buildActionMask = 2147483647;
			files = (
				1DAE37842828C8B50078D3FA /* PostTableViewCell.swift in Sources */,
				1DFE82EE282A591F00338BD9 /* Colors.swift in Sources */,
				1D04169D2833A7AB00857297 /* PostFullScreenViewController.swift in Sources */,
				1D7AF3662810076000C9AC9F /* ViewController.swift in Sources */,
				1D32F333282CE1A1003B8E9D /* UIColorExtention.swift in Sources */,
				1D0416972833A04100857297 /* ButtonLoginDelegate.swift in Sources */,
				1D7AF3622810076000C9AC9F /* AppDelegate.swift in Sources */,
				1DF8883B2810081C008929EF /* PostViewController.swift in Sources */,
				1DAE378A2828C9740078D3FA /* Post.swift in Sources */,
				1DAE37882828C93B0078D3FA /* UIViewExtention.swift in Sources */,
				1D0416992833A0DA00857297 /* TapPostImageDelegate.swift in Sources */,
				1D32F335282CE1C1003B8E9D /* UITextFieldExtention.swift in Sources */,
				1DF88835281007E4008929EF /* FeedViewController.swift in Sources */,
				1DF88840281008BD008929EF /* ProfileHeaderView.swift in Sources */,
				1DAE378C2828DC600078D3FA /* PhotosTableViewCell.swift in Sources */,
				1D7AF3642810076000C9AC9F /* SceneDelegate.swift in Sources */,
				1DF8883D28100830008929EF /* ProfileViewController.swift in Sources */,
				1DFE82E9282A572A00338BD9 /* PhotosCollectionViewCell.swift in Sources */,
				1DFE82E4282A566400338BD9 /* ButtonCellDelegate.swift in Sources */,
				1DFE82DF282A508300338BD9 /* PhotosModel.swift in Sources */,
				1D04169B2833A0E700857297 /* TapAllPhotoCellDelegate.swift in Sources */,
				1D32F32F282CDE72003B8E9D /* LogInView.swift in Sources */,
				1DAE377D2828C4910078D3FA /* LogInViewController.swift in Sources */,
				1DF88837281007F6008929EF /* InfoViewController.swift in Sources */,
				1DFE82E7282A56FB00338BD9 /* AllPhotoCollectionViewCell.swift in Sources */,
				1DFE82EB282A57F900338BD9 /* AllPhotoViewController.swift in Sources */,
				1DAE37802828C79D0078D3FA /* PostModel.swift in Sources */,
			);
			runOnlyForDeploymentPostprocessing = 0;
		};
/* End PBXSourcesBuildPhase section */

/* Begin PBXVariantGroup section */
		1D7AF36C2810076100C9AC9F /* LaunchScreen.storyboard */ = {
			isa = PBXVariantGroup;
			children = (
				1D7AF36D2810076100C9AC9F /* Base */,
			);
			name = LaunchScreen.storyboard;
			sourceTree = "<group>";
		};
/* End PBXVariantGroup section */

/* Begin XCBuildConfiguration section */
		1D7AF3702810076100C9AC9F /* Debug */ = {
			isa = XCBuildConfiguration;
			buildSettings = {
				ALWAYS_SEARCH_USER_PATHS = NO;
				CLANG_ANALYZER_NONNULL = YES;
				CLANG_ANALYZER_NUMBER_OBJECT_CONVERSION = YES_AGGRESSIVE;
				CLANG_CXX_LANGUAGE_STANDARD = "gnu++17";
				CLANG_ENABLE_MODULES = YES;
				CLANG_ENABLE_OBJC_ARC = YES;
				CLANG_ENABLE_OBJC_WEAK = YES;
				CLANG_WARN_BLOCK_CAPTURE_AUTORELEASING = YES;
				CLANG_WARN_BOOL_CONVERSION = YES;
				CLANG_WARN_COMMA = YES;
				CLANG_WARN_CONSTANT_CONVERSION = YES;
				CLANG_WARN_DEPRECATED_OBJC_IMPLEMENTATIONS = YES;
				CLANG_WARN_DIRECT_OBJC_ISA_USAGE = YES_ERROR;
				CLANG_WARN_DOCUMENTATION_COMMENTS = YES;
				CLANG_WARN_EMPTY_BODY = YES;
				CLANG_WARN_ENUM_CONVERSION = YES;
				CLANG_WARN_INFINITE_RECURSION = YES;
				CLANG_WARN_INT_CONVERSION = YES;
				CLANG_WARN_NON_LITERAL_NULL_CONVERSION = YES;
				CLANG_WARN_OBJC_IMPLICIT_RETAIN_SELF = YES;
				CLANG_WARN_OBJC_LITERAL_CONVERSION = YES;
				CLANG_WARN_OBJC_ROOT_CLASS = YES_ERROR;
				CLANG_WARN_QUOTED_INCLUDE_IN_FRAMEWORK_HEADER = YES;
				CLANG_WARN_RANGE_LOOP_ANALYSIS = YES;
				CLANG_WARN_STRICT_PROTOTYPES = YES;
				CLANG_WARN_SUSPICIOUS_MOVE = YES;
				CLANG_WARN_UNGUARDED_AVAILABILITY = YES_AGGRESSIVE;
				CLANG_WARN_UNREACHABLE_CODE = YES;
				CLANG_WARN__DUPLICATE_METHOD_MATCH = YES;
				COPY_PHASE_STRIP = NO;
				DEBUG_INFORMATION_FORMAT = dwarf;
				ENABLE_STRICT_OBJC_MSGSEND = YES;
				ENABLE_TESTABILITY = YES;
				GCC_C_LANGUAGE_STANDARD = gnu11;
				GCC_DYNAMIC_NO_PIC = NO;
				GCC_NO_COMMON_BLOCKS = YES;
				GCC_OPTIMIZATION_LEVEL = 0;
				GCC_PREPROCESSOR_DEFINITIONS = (
					"DEBUG=1",
					"$(inherited)",
				);
				GCC_WARN_64_TO_32_BIT_CONVERSION = YES;
				GCC_WARN_ABOUT_RETURN_TYPE = YES_ERROR;
				GCC_WARN_UNDECLARED_SELECTOR = YES;
				GCC_WARN_UNINITIALIZED_AUTOS = YES_AGGRESSIVE;
				GCC_WARN_UNUSED_FUNCTION = YES;
				GCC_WARN_UNUSED_VARIABLE = YES;
				IPHONEOS_DEPLOYMENT_TARGET = 15.4;
				MTL_ENABLE_DEBUG_INFO = INCLUDE_SOURCE;
				MTL_FAST_MATH = YES;
				ONLY_ACTIVE_ARCH = YES;
				SDKROOT = iphoneos;
				SWIFT_ACTIVE_COMPILATION_CONDITIONS = DEBUG;
				SWIFT_OPTIMIZATION_LEVEL = "-Onone";
			};
			name = Debug;
		};
		1D7AF3712810076100C9AC9F /* Release */ = {
			isa = XCBuildConfiguration;
			buildSettings = {
				ALWAYS_SEARCH_USER_PATHS = NO;
				CLANG_ANALYZER_NONNULL = YES;
				CLANG_ANALYZER_NUMBER_OBJECT_CONVERSION = YES_AGGRESSIVE;
				CLANG_CXX_LANGUAGE_STANDARD = "gnu++17";
				CLANG_ENABLE_MODULES = YES;
				CLANG_ENABLE_OBJC_ARC = YES;
				CLANG_ENABLE_OBJC_WEAK = YES;
				CLANG_WARN_BLOCK_CAPTURE_AUTORELEASING = YES;
				CLANG_WARN_BOOL_CONVERSION = YES;
				CLANG_WARN_COMMA = YES;
				CLANG_WARN_CONSTANT_CONVERSION = YES;
				CLANG_WARN_DEPRECATED_OBJC_IMPLEMENTATIONS = YES;
				CLANG_WARN_DIRECT_OBJC_ISA_USAGE = YES_ERROR;
				CLANG_WARN_DOCUMENTATION_COMMENTS = YES;
				CLANG_WARN_EMPTY_BODY = YES;
				CLANG_WARN_ENUM_CONVERSION = YES;
				CLANG_WARN_INFINITE_RECURSION = YES;
				CLANG_WARN_INT_CONVERSION = YES;
				CLANG_WARN_NON_LITERAL_NULL_CONVERSION = YES;
				CLANG_WARN_OBJC_IMPLICIT_RETAIN_SELF = YES;
				CLANG_WARN_OBJC_LITERAL_CONVERSION = YES;
				CLANG_WARN_OBJC_ROOT_CLASS = YES_ERROR;
				CLANG_WARN_QUOTED_INCLUDE_IN_FRAMEWORK_HEADER = YES;
				CLANG_WARN_RANGE_LOOP_ANALYSIS = YES;
				CLANG_WARN_STRICT_PROTOTYPES = YES;
				CLANG_WARN_SUSPICIOUS_MOVE = YES;
				CLANG_WARN_UNGUARDED_AVAILABILITY = YES_AGGRESSIVE;
				CLANG_WARN_UNREACHABLE_CODE = YES;
				CLANG_WARN__DUPLICATE_METHOD_MATCH = YES;
				COPY_PHASE_STRIP = NO;
				DEBUG_INFORMATION_FORMAT = "dwarf-with-dsym";
				ENABLE_NS_ASSERTIONS = NO;
				ENABLE_STRICT_OBJC_MSGSEND = YES;
				GCC_C_LANGUAGE_STANDARD = gnu11;
				GCC_NO_COMMON_BLOCKS = YES;
				GCC_WARN_64_TO_32_BIT_CONVERSION = YES;
				GCC_WARN_ABOUT_RETURN_TYPE = YES_ERROR;
				GCC_WARN_UNDECLARED_SELECTOR = YES;
				GCC_WARN_UNINITIALIZED_AUTOS = YES_AGGRESSIVE;
				GCC_WARN_UNUSED_FUNCTION = YES;
				GCC_WARN_UNUSED_VARIABLE = YES;
				IPHONEOS_DEPLOYMENT_TARGET = 15.4;
				MTL_ENABLE_DEBUG_INFO = NO;
				MTL_FAST_MATH = YES;
				SDKROOT = iphoneos;
				SWIFT_COMPILATION_MODE = wholemodule;
				SWIFT_OPTIMIZATION_LEVEL = "-O";
				VALIDATE_PRODUCT = YES;
			};
			name = Release;
		};
		1D7AF3732810076100C9AC9F /* Debug */ = {
			isa = XCBuildConfiguration;
			buildSettings = {
				ASSETCATALOG_COMPILER_APPICON_NAME = AppIcon;
				ASSETCATALOG_COMPILER_GLOBAL_ACCENT_COLOR_NAME = AccentColor;
				CODE_SIGN_STYLE = Automatic;
				CURRENT_PROJECT_VERSION = 1;
				DEVELOPMENT_TEAM = 5HWZ52VHNS;
				GENERATE_INFOPLIST_FILE = YES;
				INFOPLIST_FILE = Navigation/Info.plist;
				INFOPLIST_KEY_UIApplicationSupportsIndirectInputEvents = YES;
				INFOPLIST_KEY_UILaunchStoryboardName = LaunchScreen;
				INFOPLIST_KEY_UISupportedInterfaceOrientations_iPad = "UIInterfaceOrientationPortrait UIInterfaceOrientationPortraitUpsideDown UIInterfaceOrientationLandscapeLeft UIInterfaceOrientationLandscapeRight";
				INFOPLIST_KEY_UISupportedInterfaceOrientations_iPhone = "UIInterfaceOrientationPortrait UIInterfaceOrientationLandscapeLeft UIInterfaceOrientationLandscapeRight";
				LD_RUNPATH_SEARCH_PATHS = (
					"$(inherited)",
					"@executable_path/Frameworks",
				);
				MARKETING_VERSION = 1.0;
				PRODUCT_BUNDLE_IDENTIFIER = KovalskyVK.Navigation;
				PRODUCT_NAME = "$(TARGET_NAME)";
				SWIFT_EMIT_LOC_STRINGS = YES;
				SWIFT_VERSION = 5.0;
				TARGETED_DEVICE_FAMILY = "1,2";
			};
			name = Debug;
		};
		1D7AF3742810076100C9AC9F /* Release */ = {
			isa = XCBuildConfiguration;
			buildSettings = {
				ASSETCATALOG_COMPILER_APPICON_NAME = AppIcon;
				ASSETCATALOG_COMPILER_GLOBAL_ACCENT_COLOR_NAME = AccentColor;
				CODE_SIGN_STYLE = Automatic;
				CURRENT_PROJECT_VERSION = 1;
				DEVELOPMENT_TEAM = 5HWZ52VHNS;
				GENERATE_INFOPLIST_FILE = YES;
				INFOPLIST_FILE = Navigation/Info.plist;
				INFOPLIST_KEY_UIApplicationSupportsIndirectInputEvents = YES;
				INFOPLIST_KEY_UILaunchStoryboardName = LaunchScreen;
				INFOPLIST_KEY_UISupportedInterfaceOrientations_iPad = "UIInterfaceOrientationPortrait UIInterfaceOrientationPortraitUpsideDown UIInterfaceOrientationLandscapeLeft UIInterfaceOrientationLandscapeRight";
				INFOPLIST_KEY_UISupportedInterfaceOrientations_iPhone = "UIInterfaceOrientationPortrait UIInterfaceOrientationLandscapeLeft UIInterfaceOrientationLandscapeRight";
				LD_RUNPATH_SEARCH_PATHS = (
					"$(inherited)",
					"@executable_path/Frameworks",
				);
				MARKETING_VERSION = 1.0;
				PRODUCT_BUNDLE_IDENTIFIER = KovalskyVK.Navigation;
				PRODUCT_NAME = "$(TARGET_NAME)";
				SWIFT_EMIT_LOC_STRINGS = YES;
				SWIFT_VERSION = 5.0;
				TARGETED_DEVICE_FAMILY = "1,2";
			};
			name = Release;
		};
/* End XCBuildConfiguration section */

/* Begin XCConfigurationList section */
		1D7AF3592810076000C9AC9F /* Build configuration list for PBXProject "Navigation" */ = {
			isa = XCConfigurationList;
			buildConfigurations = (
				1D7AF3702810076100C9AC9F /* Debug */,
				1D7AF3712810076100C9AC9F /* Release */,
			);
			defaultConfigurationIsVisible = 0;
			defaultConfigurationName = Release;
		};
		1D7AF3722810076100C9AC9F /* Build configuration list for PBXNativeTarget "Navigation" */ = {
			isa = XCConfigurationList;
			buildConfigurations = (
				1D7AF3732810076100C9AC9F /* Debug */,
				1D7AF3742810076100C9AC9F /* Release */,
			);
			defaultConfigurationIsVisible = 0;
			defaultConfigurationName = Release;
		};
/* End XCConfigurationList section */
	};
	rootObject = 1D7AF3562810076000C9AC9F /* Project object */;
}
